
Microsoft Visual Studio Solution File, Format Version 12.00
Project("{FAE04EC0-301F-11D3-BF4B-00C04F79EFBC}") = "ReverseStringBenchmark", "ReverseStringBenchmark.csproj", "{47D866F6-E24B-4F64-95AB-DC4AC21804F6}"
EndProject
Global
	GlobalSection(SolutionConfigurationPlatforms) = preSolution
		Debug|Any CPU = Debug|Any CPU
		Release|Any CPU = Release|Any CPU
	EndGlobalSection
	GlobalSection(ProjectConfigurationPlatforms) = postSolution
		{47D866F6-E24B-4F64-95AB-DC4AC21804F6}.Debug|Any CPU.ActiveCfg = Debug|Any CPU
		{47D866F6-E24B-4F64-95AB-DC4AC21804F6}.Debug|Any CPU.Build.0 = Debug|Any CPU
		{47D866F6-E24B-4F64-95AB-DC4AC21804F6}.Release|Any CPU.ActiveCfg = Release|Any CPU
		{47D866F6-E24B-4F64-95AB-DC4AC21804F6}.Release|Any CPU.Build.0 = Release|Any CPU
	EndGlobalSection
EndGlobal
